
Microsoft Visual Studio Solution File, Format Version 12.00
# Visual Studio Version 16
VisualStudioVersion = 16.0.30717.126
MinimumVisualStudioVersion = 10.0.40219.1
Project("{FAE04EC0-301F-11D3-BF4B-00C04F79EFBC}") = "MyLifeInWeeks", "MyLifeInWeeks.csproj", "{A66CD728-6B57-4855-9484-2056491B7948}"
EndProject
Global
	GlobalSection(SolutionConfigurationPlatforms) = preSolution
		Debug|Any CPU = Debug|Any CPU
		Release|Any CPU = Release|Any CPU
	EndGlobalSection
	GlobalSection(ProjectConfigurationPlatforms) = postSolution
		{A66CD728-6B57-4855-9484-2056491B7948}.Debug|Any CPU.ActiveCfg = Debug|Any CPU
		{A66CD728-6B57-4855-9484-2056491B7948}.Debug|Any CPU.Build.0 = Debug|Any CPU
		{A66CD728-6B57-4855-9484-2056491B7948}.Release|Any CPU.ActiveCfg = Release|Any CPU
		{A66CD728-6B57-4855-9484-2056491B7948}.Release|Any CPU.Build.0 = Release|Any CPU
	EndGlobalSection
	GlobalSection(SolutionProperties) = preSolution
		HideSolutionNode = FALSE
	EndGlobalSection
	GlobalSection(ExtensibilityGlobals) = postSolution
		SolutionGuid = {F49A53B7-0931-41AB-A5E3-D2E9DC6A0FC6}
	EndGlobalSection
EndGlobal
